
Microsoft Visual Studio Solution File, Format Version 12.00
# Visual Studio Version 17
VisualStudioVersion = 17.7.34031.279
MinimumVisualStudioVersion = 10.0.40219.1
Project("{FAE04EC0-301F-11D3-BF4B-00C04F79EFBC}") = "results-99lab", "results-99lab.csproj", "{277D6D6B-DD02-443C-9B57-5D523D4713CF}"
EndProject
Global
	GlobalSection(SolutionConfigurationPlatforms) = preSolution
		Debug|Any CPU = Debug|Any CPU
		Release|Any CPU = Release|Any CPU
	EndGlobalSection
	GlobalSection(ProjectConfigurationPlatforms) = postSolution
		{277D6D6B-DD02-443C-9B57-5D523D4713CF}.Debug|Any CPU.ActiveCfg = Debug|Any CPU
		{277D6D6B-DD02-443C-9B57-5D523D4713CF}.Debug|Any CPU.Build.0 = Debug|Any CPU
		{277D6D6B-DD02-443C-9B57-5D523D4713CF}.Release|Any CPU.ActiveCfg = Release|Any CPU
		{277D6D6B-DD02-443C-9B57-5D523D4713CF}.Release|Any CPU.Build.0 = Release|Any CPU
	EndGlobalSection
	GlobalSection(SolutionProperties) = preSolution
		HideSolutionNode = FALSE
	EndGlobalSection
	GlobalSection(ExtensibilityGlobals) = postSolution
		SolutionGuid = {E2CEFCF7-785B-4C56-9EC3-F75261A4022F}
	EndGlobalSection
EndGlobal
